
Microsoft Visual Studio Solution File, Format Version 12.00
# Visual Studio 15
VisualStudioVersion = 15.0.28307.438
MinimumVisualStudioVersion = 10.0.40219.1
Project("{9A19103F-16F7-4668-BE54-9A1E7A4F7556}") = "CoreWork.Core", "CoreWork.Core\CoreWork.Core.csproj", "{7A686194-BD59-4A2C-8CE9-79DE55839EDA}"
EndProject
Project("{9A19103F-16F7-4668-BE54-9A1E7A4F7556}") = "CoreWork.Northwind.Entities", "CoreWork.Northwind.Entities\CoreWork.Northwind.Entities.csproj", "{8BFE082B-A1D1-4CB3-919A-E4A85788BB9B}"
EndProject
Project("{9A19103F-16F7-4668-BE54-9A1E7A4F7556}") = "CoreWork.Northwind.Data", "CoreWork.Northwind.Data\CoreWork.Northwind.Data.csproj", "{6C5ECD9B-B7CC-4AFB-88F9-A34FD08F9CDC}"
EndProject
Project("{9A19103F-16F7-4668-BE54-9A1E7A4F7556}") = "CoreWork.Northwind.Business", "CoreWork.Northwind.Business\CoreWork.Northwind.Business.csproj", "{6AD113A2-CAF5-49B3-AA0E-CA3765CA39F4}"
EndProject
Project("{9A19103F-16F7-4668-BE54-9A1E7A4F7556}") = "CoreWork.Northwind.MvcWebUI", "CoreWork.Northwind.MvcWebUI\CoreWork.Northwind.MvcWebUI.csproj", "{21EE7131-AEE7-4326-9881-404C88C31B33}"
EndProject
Global
	GlobalSection(SolutionConfigurationPlatforms) = preSolution
		Debug|Any CPU = Debug|Any CPU
		Release|Any CPU = Release|Any CPU
	EndGlobalSection
	GlobalSection(ProjectConfigurationPlatforms) = postSolution
		{7A686194-BD59-4A2C-8CE9-79DE55839EDA}.Debug|Any CPU.ActiveCfg = Debug|Any CPU
		{7A686194-BD59-4A2C-8CE9-79DE55839EDA}.Debug|Any CPU.Build.0 = Debug|Any CPU
		{7A686194-BD59-4A2C-8CE9-79DE55839EDA}.Release|Any CPU.ActiveCfg = Release|Any CPU
		{7A686194-BD59-4A2C-8CE9-79DE55839EDA}.Release|Any CPU.Build.0 = Release|Any CPU
		{8BFE082B-A1D1-4CB3-919A-E4A85788BB9B}.Debug|Any CPU.ActiveCfg = Debug|Any CPU
		{8BFE082B-A1D1-4CB3-919A-E4A85788BB9B}.Debug|Any CPU.Build.0 = Debug|Any CPU
		{8BFE082B-A1D1-4CB3-919A-E4A85788BB9B}.Release|Any CPU.ActiveCfg = Release|Any CPU
		{8BFE082B-A1D1-4CB3-919A-E4A85788BB9B}.Release|Any CPU.Build.0 = Release|Any CPU
		{6C5ECD9B-B7CC-4AFB-88F9-A34FD08F9CDC}.Debug|Any CPU.ActiveCfg = Debug|Any CPU
		{6C5ECD9B-B7CC-4AFB-88F9-A34FD08F9CDC}.Debug|Any CPU.Build.0 = Debug|Any CPU
		{6C5ECD9B-B7CC-4AFB-88F9-A34FD08F9CDC}.Release|Any CPU.ActiveCfg = Release|Any CPU
		{6C5ECD9B-B7CC-4AFB-88F9-A34FD08F9CDC}.Release|Any CPU.Build.0 = Release|Any CPU
		{6AD113A2-CAF5-49B3-AA0E-CA3765CA39F4}.Debug|Any CPU.ActiveCfg = Debug|Any CPU
		{6AD113A2-CAF5-49B3-AA0E-CA3765CA39F4}.Debug|Any CPU.Build.0 = Debug|Any CPU
		{6AD113A2-CAF5-49B3-AA0E-CA3765CA39F4}.Release|Any CPU.ActiveCfg = Release|Any CPU
		{6AD113A2-CAF5-49B3-AA0E-CA3765CA39F4}.Release|Any CPU.Build.0 = Release|Any CPU
		{21EE7131-AEE7-4326-9881-404C88C31B33}.Debug|Any CPU.ActiveCfg = Debug|Any CPU
		{21EE7131-AEE7-4326-9881-404C88C31B33}.Debug|Any CPU.Build.0 = Debug|Any CPU
		{21EE7131-AEE7-4326-9881-404C88C31B33}.Release|Any CPU.ActiveCfg = Release|Any CPU
		{21EE7131-AEE7-4326-9881-404C88C31B33}.Release|Any CPU.Build.0 = Release|Any CPU
	EndGlobalSection
	GlobalSection(SolutionProperties) = preSolution
		HideSolutionNode = FALSE
	EndGlobalSection
	GlobalSection(ExtensibilityGlobals) = postSolution
		SolutionGuid = {0255214A-63A1-49AD-B6B4-E9F1509DB8B2}
	EndGlobalSection
EndGlobal
